
Microsoft Visual Studio Solution File, Format Version 12.00
# Visual Studio 15
VisualStudioVersion = 15.0.28307.572
MinimumVisualStudioVersion = 10.0.40219.1
Project("{FAE04EC0-301F-11D3-BF4B-00C04F79EFBC}") = "Exercicio02Colaboradores", "Exercicio02Colaboradores\Exercicio02Colaboradores.csproj", "{E521DB23-31A1-41F8-BA7C-068AD929089E}"
EndProject
Global
	GlobalSection(SolutionConfigurationPlatforms) = preSolution
		Debug|Any CPU = Debug|Any CPU
		Release|Any CPU = Release|Any CPU
	EndGlobalSection
	GlobalSection(ProjectConfigurationPlatforms) = postSolution
		{E521DB23-31A1-41F8-BA7C-068AD929089E}.Debug|Any CPU.ActiveCfg = Debug|Any CPU
		{E521DB23-31A1-41F8-BA7C-068AD929089E}.Debug|Any CPU.Build.0 = Debug|Any CPU
		{E521DB23-31A1-41F8-BA7C-068AD929089E}.Release|Any CPU.ActiveCfg = Release|Any CPU
		{E521DB23-31A1-41F8-BA7C-068AD929089E}.Release|Any CPU.Build.0 = Release|Any CPU
	EndGlobalSection
	GlobalSection(SolutionProperties) = preSolution
		HideSolutionNode = FALSE
	EndGlobalSection
	GlobalSection(ExtensibilityGlobals) = postSolution
		SolutionGuid = {BB02961E-03F8-4702-98AE-F92FBF3C3C9E}
	EndGlobalSection
EndGlobal
